# The corpus lock (plan 14, gap 23).
#
# Corpora are FETCHED, never committed. A forge entry pins two things, because
# they answer different questions -- and the one entry that is not a forge
# archive pins one, which its own comment argues where it sits:
#
#   commit  the upstream git object id the archive is of. An upstream that
#           rewrites history or moves a branch cannot change what this names.
#   sha256  the archive's bytes. This is what a fetch verifies against, and
#           what a tampered mirror fails.
#
# A forge's archive of a fixed commit is not guaranteed byte-stable forever --
# its compressor may change -- so when the two disagree the difference says
# which kind of change it was. Re-recording a `sha256` is then a deliberate act
# with its own commit and its own reason, which is what gap 23's risk table
# asks for. `cargo xtask corpus-fetch --record` prints what was actually
# fetched, for preparing exactly that commit.
#
# `licence` is upstream's terms. `redistribute` is this project's posture, and
# it is `no` for every entry regardless of how permissive upstream is: plan 14
# says nothing from any corpus enters git, so a permissive licence changes what
# we *could* do and not what we do.
#
#   cargo xtask corpus-fetch          fetch and verify all of them
#   cargo xtask corpus-licences       print the table corpus/README.md carries
#   cargo xtask corpus-run            run them

[pdfjs]
url = https://codeload.github.com/mozilla/pdf.js/tar.gz/b96d745c277a5666013359a7272d74d1896fbb9f
commit = b96d745c277a5666013359a7272d74d1896fbb9f
sha256 = 255345d9e4dde6c431b9762d5c4df93031cb19455e71e426d6cb92af2b5fc529
subdir = test/pdfs
licence = Apache-2.0 (the project); the fixtures are third-party and mixed, and upstream itself links rather than stores many of them
redistribute = no
exercises = decades of real-world breakage, reported by users of a browser's viewer

[verapdf]
url = https://codeload.github.com/veraPDF/veraPDF-corpus/tar.gz/49de56cd987929932c9e4fbbbe67d052bf44ef83
commit = 49de56cd987929932c9e4fbbbe67d052bf44ef83
sha256 = 5c1a138e0fd89fafa51d03a23a1a0bf0a9bcb028430e1d5dd125364e19b87f57
licence = CC-BY-4.0
redistribute = no
exercises = atomic spec-conformance cases for PDF/A, PDF/UA, ISO 32000-1 and ISO 32000-2

[qpdf]
url = https://codeload.github.com/qpdf/qpdf/tar.gz/e8adee327e4ed76f540a40fd674dfb4903e26f3a
commit = e8adee327e4ed76f540a40fd674dfb4903e26f3a
sha256 = 43e339386c20b53d6f421bcad2e0eb91c18f1efb2fe2ee77754d2bfc3a83c52b
subdir = qpdf/qtest/qpdf
licence = Apache-2.0
redistribute = no
exercises = cross-reference, object-stream, linearization and encryption torture

[pdfa-examples]
url = https://codeload.github.com/pdf-association/pdf20examples/tar.gz/c20f2c17bfcc4baab7cfe62e70fae64caf14d5fa
commit = c20f2c17bfcc4baab7cfe62e70fae64caf14d5fa
sha256 = 2a9228f621f59422e70a4ca241093fd37b2ab9c1ea96f8c6eba2663c818573a5
licence = CC-BY-SA-4.0
redistribute = no
exercises = PDF 2.0 features shown deliberately: UTF-8 strings, page-level output intents, incremental saves

# The fifth entry, and the first that is not a test suite.
#
# The other four were written to exercise a reader: pdf.js's fixtures are bugs
# somebody reported, veraPDF's are one clause each, qpdf's are torture. A
# reader that passes its own kind's tests has not met the world, and that gap
# is what this corpus closes -- 1 000 PDFs a crawler found on the open web in
# July 2021, refetched untruncated by the DARPA SafeDocs programme, emitted by
# whoever emitted them for whoever was going to read them.
#
# ONE PIN, NOT TWO, and `archive = zip` is what says so. There is no
# repository behind a published object, so there is no commit; the `sha256` is
# the whole guarantee, and if these bytes ever change every fetch fails loudly.
# That is weaker than the two pins the forge entries carry and it is written
# down rather than glossed over.
#
# WHY THIS SHARD. The corpus is 7 933 shards of 1 000 files and its metadata
# tables give a `/Producer` per file. Shard 0000 carries **462 distinct
# producer strings across its 1 000 files** -- the largest single group,
# Adobe PDF Library 15.0, is 68 files, and 58 state no producer at all. A
# selection of 300 "by producer diversity" would have reached exactly 300
# distinct producers and thrown away 700 real documents to do it, so the shard
# is taken whole. It is 1.27 GB fetched and nothing of it enters git.

[safedocs]
url = https://digitalcorpora.s3.amazonaws.com/corpora/files/CC-MAIN-2021-31-PDF-UNTRUNCATED/zipfiles/0000-0999/0000.zip
archive = zip
# Four minutes, not the run's minute, and sited on a measurement.
# With the rasteriser's row loop fixed (5 September 2026) the slowest
# file in this shard is `0000039.pdf` at 80 s and the next at 65 s, on
# an otherwise idle desktop; before that fix the same two took over
# seven minutes and did not finish. 240 s is three times the slowest,
# which is the room a shared runner needs -- and it is a per-corpus
# number because the four fixture corpora are nothing like this: their
# slowest file is a tenth of it.
timeout = 240
sha256 = a6b28286550f6dcfdebec0454d57cb9797ca4c5792c85a09cb89b207f3f407fb
licence = per-file and unstated: these are documents found on the open web, each under whatever terms its own publisher set. The collection is distributed by digitalcorpora.org under the DARPA SafeDocs programme and Common Crawl's terms of use (commoncrawl.org/terms-of-use) cover the crawl it came from
redistribute = no
exercises = real-world documents nobody wrote to test a reader: 1 000 files from a 2021 web crawl, spanning 462 distinct /Producer strings
