# This file is automatically @generated by Cargo.
# It is not intended for manual editing.
version = 4

[[package]]
name = "oracle-diff"
version = "0.0.1"

[[package]]
name = "pdfcmp"
version = "0.0.1"

[[package]]
name = "tinker-pdf"
version = "0.0.1"
dependencies = [
 "tinker-pdf-content",
 "tinker-pdf-cos",
 "tinker-pdf-render",
]

[[package]]
name = "tinker-pdf-color"
version = "0.0.1"

[[package]]
name = "tinker-pdf-content"
version = "0.0.1"
dependencies = [
 "tinker-pdf-color",
 "tinker-pdf-cos",
 "tinker-pdf-font",
]

[[package]]
name = "tinker-pdf-cos"
version = "0.0.1"
dependencies = [
 "tinker-pdf-crypto",
 "tinker-pdf-filters",
]

[[package]]
name = "tinker-pdf-crypto"
version = "0.0.1"

[[package]]
name = "tinker-pdf-ffi"
version = "0.0.1"
dependencies = [
 "tinker-pdf",
]

[[package]]
name = "tinker-pdf-filters"
version = "0.0.1"

[[package]]
name = "tinker-pdf-font"
version = "0.0.1"

[[package]]
name = "tinker-pdf-raster"
version = "0.0.1"

[[package]]
name = "tinker-pdf-render"
version = "0.0.1"
dependencies = [
 "tinker-pdf-color",
 "tinker-pdf-content",
 "tinker-pdf-font",
 "tinker-pdf-raster",
]

[[package]]
name = "tpdf"
version = "0.0.1"
dependencies = [
 "tinker-pdf",
]

[[package]]
name = "xtask"
version = "0.0.1"
